
Microsoft Visual Studio Solution File, Format Version 12.00
# Visual Studio 2013
VisualStudioVersion = 12.0.40629.0
MinimumVisualStudioVersion = 10.0.40219.1
Project("{FAE04EC0-301F-11D3-BF4B-00C04F79EFBC}") = "ELearning", "ELearning\ELearning.csproj", "{C5A7DA73-B18B-4E8B-9220-149BD2673296}"
	ProjectSection(ProjectDependencies) = postProject
		{82EFBAE1-3CE8-44B6-B9ED-315D3A7F8EEA} = {82EFBAE1-3CE8-44B6-B9ED-315D3A7F8EEA}
	EndProjectSection
EndProject
Project("{FAE04EC0-301F-11D3-BF4B-00C04F79EFBC}") = "Database", "Database\Database.csproj", "{82EFBAE1-3CE8-44B6-B9ED-315D3A7F8EEA}"
EndProject
Project("{FAE04EC0-301F-11D3-BF4B-00C04F79EFBC}") = "DataServices", "DataServices\DataServices.csproj", "{9F757B1D-DF39-49DD-8C75-16CC7642EEE2}"
EndProject
Global
	GlobalSection(SolutionConfigurationPlatforms) = preSolution
		Debug|Any CPU = Debug|Any CPU
		Release|Any CPU = Release|Any CPU
	EndGlobalSection
	GlobalSection(ProjectConfigurationPlatforms) = postSolution
		{C5A7DA73-B18B-4E8B-9220-149BD2673296}.Debug|Any CPU.ActiveCfg = Debug|Any CPU
		{C5A7DA73-B18B-4E8B-9220-149BD2673296}.Debug|Any CPU.Build.0 = Debug|Any CPU
		{C5A7DA73-B18B-4E8B-9220-149BD2673296}.Release|Any CPU.ActiveCfg = Release|Any CPU
		{C5A7DA73-B18B-4E8B-9220-149BD2673296}.Release|Any CPU.Build.0 = Release|Any CPU
		{82EFBAE1-3CE8-44B6-B9ED-315D3A7F8EEA}.Debug|Any CPU.ActiveCfg = Debug|Any CPU
		{82EFBAE1-3CE8-44B6-B9ED-315D3A7F8EEA}.Debug|Any CPU.Build.0 = Debug|Any CPU
		{82EFBAE1-3CE8-44B6-B9ED-315D3A7F8EEA}.Release|Any CPU.ActiveCfg = Release|Any CPU
		{82EFBAE1-3CE8-44B6-B9ED-315D3A7F8EEA}.Release|Any CPU.Build.0 = Release|Any CPU
		{9F757B1D-DF39-49DD-8C75-16CC7642EEE2}.Debug|Any CPU.ActiveCfg = Debug|Any CPU
		{9F757B1D-DF39-49DD-8C75-16CC7642EEE2}.Debug|Any CPU.Build.0 = Debug|Any CPU
		{9F757B1D-DF39-49DD-8C75-16CC7642EEE2}.Release|Any CPU.ActiveCfg = Release|Any CPU
		{9F757B1D-DF39-49DD-8C75-16CC7642EEE2}.Release|Any CPU.Build.0 = Release|Any CPU
	EndGlobalSection
	GlobalSection(SolutionProperties) = preSolution
		HideSolutionNode = FALSE
	EndGlobalSection
EndGlobal
